
Microsoft Visual Studio Solution File, Format Version 12.00
# Visual Studio Version 16
VisualStudioVersion = 16.0.28729.10
MinimumVisualStudioVersion = 10.0.40219.1
Project("{FAE04EC0-301F-11D3-BF4B-00C04F79EFBC}") = "设置ip", "设置ip\设置ip.csproj", "{CA040DEA-D3F0-4C4D-8380-A636B760D2BB}"
EndProject
Global
	GlobalSection(SolutionConfigurationPlatforms) = preSolution
		Debug|Any CPU = Debug|Any CPU
		Release|Any CPU = Release|Any CPU
	EndGlobalSection
	GlobalSection(ProjectConfigurationPlatforms) = postSolution
		{CA040DEA-D3F0-4C4D-8380-A636B760D2BB}.Debug|Any CPU.ActiveCfg = Debug|Any CPU
		{CA040DEA-D3F0-4C4D-8380-A636B760D2BB}.Debug|Any CPU.Build.0 = Debug|Any CPU
		{CA040DEA-D3F0-4C4D-8380-A636B760D2BB}.Release|Any CPU.ActiveCfg = Release|Any CPU
		{CA040DEA-D3F0-4C4D-8380-A636B760D2BB}.Release|Any CPU.Build.0 = Release|Any CPU
	EndGlobalSection
	GlobalSection(SolutionProperties) = preSolution
		HideSolutionNode = FALSE
	EndGlobalSection
	GlobalSection(ExtensibilityGlobals) = postSolution
		SolutionGuid = {B6B09ABE-E4E5-4525-B1BD-E6F2AB1D30C6}
	EndGlobalSection
EndGlobal
